{
  "lockfileVersion": 1,
  "workspaces": {
    "": {
      "name": "recon",
      "devDependencies": {
        "typescript": "^5.9.3",
      },
    },
    "packages/clify": {
      "name": "@jdsl/clify",
      "version": "0.1.0",
      "dependencies": {
        "effect": "^3.21.0",
      },
      "devDependencies": {
        "@types/bun": "latest",
      },
      "peerDependencies": {
        "typescript": "5.9.3",
      },
    },
    "packages/jdsl": {
      "name": "@jdsl/jdsl",
      "version": "0.1.0",
      "bin": {
        "jdsl": "./src/index.ts",
      },
      "dependencies": {
        "@effect/cli": "^0.75.2",
        "@effect/platform": "^0.94.5",
        "@effect/platform-bun": "^0.87.1",
        "@jdsl/jdsl-gen": "^0.1.0",
        "effect": "^3.21.0",
      },
      "devDependencies": {
        "@effect/language-service": "^0.80.0",
      },
    },
    "packages/jsdl-gen": {
      "name": "@jdsl/jdsl-gen",
      "version": "0.1.0",
      "dependencies": {
        "@jdsl/clify": "^0.1.0",
        "code-block-writer": "^13.0.3",
        "effect": "^3.21.0",
        "typescript": "^5.9.3",
      },
      "devDependencies": {
        "@types/bun": "^1.3.10",
      },
    },
    "packages/provider": {
      "name": "@jdsl/provider",
      "version": "0.1.4",
      "dependencies": {
        "@ai-sdk/anthropic": "^3.0.38",
        "@ai-sdk/deepseek": "^2.0.35",
        "@ai-sdk/google": "^3.0.22",
        "@ai-sdk/openai": "^3.0.26",
        "@effect/platform": "^0.96.1",
        "ai": "^6.0.77",
        "effect": "^3.21.0",
      },
      "devDependencies": {
        "@types/bun": "latest",
      },
      "peerDependencies": {
        "typescript": "^5",
      },
    },
  },
  "packages": {
    "@ai-sdk/anthropic": ["@ai-sdk/anthropic@3.0.38", "", { "dependencies": { "@ai-sdk/provider": "3.0.8", "@ai-sdk/provider-utils": "4.0.14" }, "peerDependencies": { "zod": "^3.25.76 || ^4.1.8" } }, "sha512-9MchyPRPni0WzrFeIGNevZpQVfWxaS+MQFupIXYQo9VgHnuO1Vyrp9SBmjkkuoAdBs7GomsWqLZCcNMJAVbdFA=="],

    "@ai-sdk/deepseek": ["@ai-sdk/deepseek@2.0.35", "", { "dependencies": { "@ai-sdk/provider": "3.0.10", "@ai-sdk/provider-utils": "4.0.27" }, "peerDependencies": { "zod": "^3.25.76 || ^4.1.8" } }, "sha512-9DhYurbAvcurOEGN6u2myYDybrrzGfcrkG8hwmFjwTrePW6KCMggm0YxP7e8RkLYcQKqCEMgFlyEB4BM6EmiKg=="],

    "@ai-sdk/gateway": ["@ai-sdk/gateway@3.0.39", "", { "dependencies": { "@ai-sdk/provider": "3.0.8", "@ai-sdk/provider-utils": "4.0.14", "@vercel/oidc": "3.1.0" }, "peerDependencies": { "zod": "^3.25.76 || ^4.1.8" } }, "sha512-SeCZBAdDNbWpVUXiYgOAqis22p5MEYfrjRw0hiBa5hM+7sDGYQpMinUjkM8kbPXMkY+AhKLrHleBl+SuqpzlgA=="],

    "@ai-sdk/google": ["@ai-sdk/google@3.0.22", "", { "dependencies": { "@ai-sdk/provider": "3.0.8", "@ai-sdk/provider-utils": "4.0.14" }, "peerDependencies": { "zod": "^3.25.76 || ^4.1.8" } }, "sha512-g1N5P/jfTiH4qwdv4WT3hkKzzAbITFz457NomtBfjP8Q3SCzdbU9oPK5ACBMG8RN5mc2QPL6DLtM3Hf5T8KPmw=="],

    "@ai-sdk/openai": ["@ai-sdk/openai@3.0.26", "", { "dependencies": { "@ai-sdk/provider": "3.0.8", "@ai-sdk/provider-utils": "4.0.14" }, "peerDependencies": { "zod": "^3.25.76 || ^4.1.8" } }, "sha512-W/hiwxIfG29IO0Fob1HwWpFssMsNrxWoX8A7DwNGOtKArDBmJNuGzQeU/k0Fnh8WyvZEnfxkjO4oXkSXfVBayg=="],

    "@ai-sdk/provider": ["@ai-sdk/provider@3.0.8", "", { "dependencies": { "json-schema": "^0.4.0" } }, "sha512-oGMAgGoQdBXbZqNG0Ze56CHjDZ1IDYOwGYxYjO5KLSlz5HiNQ9udIXsPZ61VWaHGZ5XW/jyjmr6t2xz2jGVwbQ=="],

    "@ai-sdk/provider-utils": ["@ai-sdk/provider-utils@4.0.14", "", { "dependencies": { "@ai-sdk/provider": "3.0.8", "@standard-schema/spec": "^1.1.0", "eventsource-parser": "^3.0.6" }, "peerDependencies": { "zod": "^3.25.76 || ^4.1.8" } }, "sha512-7bzKd9lgiDeXM7O4U4nQ8iTxguAOkg8LZGD9AfDVZYjO5cKYRwBPwVjboFcVrxncRHu0tYxZtXZtiLKpG4pEng=="],

    "@effect/cli": ["@effect/cli@0.75.2", "", { "dependencies": { "ini": "^4.1.3", "toml": "^3.0.0", "yaml": "^2.5.0" }, "peerDependencies": { "@effect/platform": "^0.96.1", "@effect/printer": "^0.49.0", "@effect/printer-ansi": "^0.49.0", "effect": "^3.21.2" } }, "sha512-+cMn/ZtFB+jEvgB6phrTT6XyPkIUnmX4G0nUSln7yj3lwyiHQ578Iwr8nHeU1CKEtlh4Xt+mYc0yiT912xu7YA=="],

    "@effect/cluster": ["@effect/cluster@0.56.2", "", { "dependencies": { "kubernetes-types": "^1.30.0" }, "peerDependencies": { "@effect/platform": "^0.94.3", "@effect/rpc": "^0.73.0", "@effect/sql": "^0.49.0", "@effect/workflow": "^0.16.0", "effect": "^3.19.16" } }, "sha512-BtYorswZ0MlaTqa7k+57AD80gp/TJfej85vx0gDnIxhbPQ3+xoa3EXlPrfLV7XsiAokOxE5qs/X6UoZtAVeKug=="],

    "@effect/experimental": ["@effect/experimental@0.58.0", "", { "dependencies": { "uuid": "^11.0.3" }, "peerDependencies": { "@effect/platform": "^0.94.0", "effect": "^3.19.13", "ioredis": "^5", "lmdb": "^3" }, "optionalPeers": ["ioredis", "lmdb"] }, "sha512-IEP9sapjF6rFy5TkoqDPc86st/fnqUfjT7Xa3pWJrFGr1hzaMXHo+mWsYOZS9LAOVKnpHuVziDK97EP5qsCHVA=="],

    "@effect/language-service": ["@effect/language-service@0.80.0", "", { "bin": { "effect-language-service": "cli.js" } }, "sha512-dKMATT1fDzaCpNrICpXga7sjJBtFLpKCAoE/1MiGXI8UwcHA9rmAZ2t52JO9g/kJpERWyomkJ+rl+VFlwNIofg=="],

    "@effect/platform": ["@effect/platform@0.94.5", "", { "dependencies": { "find-my-way-ts": "^0.1.6", "msgpackr": "^1.11.4", "multipasta": "^0.2.7" }, "peerDependencies": { "effect": "^3.19.17" } }, "sha512-z05APUiDDPbodhTkH/RJqOLoCU11bU2IZLfcwLFrld03+ob1VeqRnELQlmueLIYm6NZifHAtjl32V+GRt34y4A=="],

    "@effect/platform-bun": ["@effect/platform-bun@0.87.1", "", { "dependencies": { "@effect/platform-node-shared": "^0.57.1", "multipasta": "^0.2.7" }, "peerDependencies": { "@effect/cluster": "^0.56.1", "@effect/platform": "^0.94.2", "@effect/rpc": "^0.73.0", "@effect/sql": "^0.49.0", "effect": "^3.19.15" } }, "sha512-I88d0YqWbvLY2GGeIxK3r5k0l/MoUCCnxiHJG+X6gqaHu+pIs0djDtJ+ORhw/3qha9ojcVu6pyaBmnUjgzQHWQ=="],

    "@effect/platform-node-shared": ["@effect/platform-node-shared@0.57.1", "", { "dependencies": { "@parcel/watcher": "^2.5.1", "multipasta": "^0.2.7", "ws": "^8.18.2" }, "peerDependencies": { "@effect/cluster": "^0.56.1", "@effect/platform": "^0.94.2", "@effect/rpc": "^0.73.0", "@effect/sql": "^0.49.0", "effect": "^3.19.15" } }, "sha512-oX/bApMdoKsyrDiNdJxo7U9Rz1RXsjRv+ecfAPp1qGlSdGIo32wVRvJ2XCHqYj0sqaYJS0pU0/GCulRfVGuJag=="],

    "@effect/printer": ["@effect/printer@0.49.0", "", { "peerDependencies": { "@effect/typeclass": "^0.40.0", "effect": "^3.21.0" } }, "sha512-hrjTuExF87wuWjOnnND1c2fKcCWhleQBVaoA7JlrU3rC7s+RYPETDOXtpgAK3/uuMCRnDhfVFQMevtKT8MBdKg=="],

    "@effect/printer-ansi": ["@effect/printer-ansi@0.49.0", "", { "dependencies": { "@effect/printer": "^0.49.0" }, "peerDependencies": { "@effect/typeclass": "^0.40.0", "effect": "^3.21.0" } }, "sha512-N2OyqDTqcGLKeUy2URowThoU5issZQwG/Ihv5qOYWJD0neq9qBIgC57/9BkFpTRPNSMtPHyCOk1TFj297HGLLQ=="],

    "@effect/rpc": ["@effect/rpc@0.73.0", "", { "dependencies": { "msgpackr": "^1.11.4" }, "peerDependencies": { "@effect/platform": "^0.94.0", "effect": "^3.19.13" } }, "sha512-iMPf6tTriz8sK0l5x4koFId8Hz5nFptHYg8WqyjHGIIVLTpZxuiSqhmXZG7FnAs5N2n6uCEws4wWGcIgXNUrFg=="],

    "@effect/sql": ["@effect/sql@0.49.0", "", { "dependencies": { "uuid": "^11.0.3" }, "peerDependencies": { "@effect/experimental": "^0.58.0", "@effect/platform": "^0.94.0", "effect": "^3.19.13" } }, "sha512-9UEKR+z+MrI/qMAmSvb/RiD9KlgIazjZUCDSpwNgm0lEK9/Q6ExEyfziiYFVCPiptp52cBw8uBHRic8hHnwqXA=="],

    "@effect/typeclass": ["@effect/typeclass@0.40.0", "", { "peerDependencies": { "effect": "^3.21.0" } }, "sha512-L/2o2ImeqbemFlqH0b3y2PqQTFc+E0/DUnffCU8bkJUGh0yUZmh2RXuXhR8QOpfNCe718JQjI+mLnpVF2MMmaQ=="],

    "@effect/workflow": ["@effect/workflow@0.16.0", "", { "peerDependencies": { "@effect/experimental": "^0.58.0", "@effect/platform": "^0.94.0", "@effect/rpc": "^0.73.0", "effect": "^3.19.13" } }, "sha512-MiAdlxx3TixkgHdbw+Yf1Z3tHAAE0rOQga12kIydJqj05Fnod+W/I+kQGRMY/XWRg+QUsVxhmh1qTr7Ype6lrw=="],

    "@jdsl/clify": ["@jdsl/clify@workspace:packages/clify"],

    "@jdsl/jdsl": ["@jdsl/jdsl@workspace:packages/jdsl"],

    "@jdsl/jdsl-gen": ["@jdsl/jdsl-gen@workspace:packages/jsdl-gen"],

    "@jdsl/provider": ["@jdsl/provider@workspace:packages/provider"],

    "@msgpackr-extract/msgpackr-extract-darwin-arm64": ["@msgpackr-extract/msgpackr-extract-darwin-arm64@3.0.3", "", { "os": "darwin", "cpu": "arm64" }, "sha512-QZHtlVgbAdy2zAqNA9Gu1UpIuI8Xvsd1v8ic6B2pZmeFnFcMWiPLfWXh7TVw4eGEZ/C9TH281KwhVoeQUKbyjw=="],

    "@msgpackr-extract/msgpackr-extract-darwin-x64": ["@msgpackr-extract/msgpackr-extract-darwin-x64@3.0.3", "", { "os": "darwin", "cpu": "x64" }, "sha512-mdzd3AVzYKuUmiWOQ8GNhl64/IoFGol569zNRdkLReh6LRLHOXxU4U8eq0JwaD8iFHdVGqSy4IjFL4reoWCDFw=="],

    "@msgpackr-extract/msgpackr-extract-linux-arm": ["@msgpackr-extract/msgpackr-extract-linux-arm@3.0.3", "", { "os": "linux", "cpu": "arm" }, "sha512-fg0uy/dG/nZEXfYilKoRe7yALaNmHoYeIoJuJ7KJ+YyU2bvY8vPv27f7UKhGRpY6euFYqEVhxCFZgAUNQBM3nw=="],

    "@msgpackr-extract/msgpackr-extract-linux-arm64": ["@msgpackr-extract/msgpackr-extract-linux-arm64@3.0.3", "", { "os": "linux", "cpu": "arm64" }, "sha512-YxQL+ax0XqBJDZiKimS2XQaf+2wDGVa1enVRGzEvLLVFeqa5kx2bWbtcSXgsxjQB7nRqqIGFIcLteF/sHeVtQg=="],

    "@msgpackr-extract/msgpackr-extract-linux-x64": ["@msgpackr-extract/msgpackr-extract-linux-x64@3.0.3", "", { "os": "linux", "cpu": "x64" }, "sha512-cvwNfbP07pKUfq1uH+S6KJ7dT9K8WOE4ZiAcsrSes+UY55E/0jLYc+vq+DO7jlmqRb5zAggExKm0H7O/CBaesg=="],

    "@msgpackr-extract/msgpackr-extract-win32-x64": ["@msgpackr-extract/msgpackr-extract-win32-x64@3.0.3", "", { "os": "win32", "cpu": "x64" }, "sha512-x0fWaQtYp4E6sktbsdAqnehxDgEc/VwM7uLsRCYWaiGu0ykYdZPiS8zCWdnjHwyiumousxfBm4SO31eXqwEZhQ=="],

    "@opentelemetry/api": ["@opentelemetry/api@1.9.0", "", {}, "sha512-3giAOQvZiH5F9bMlMiv8+GSPMeqg0dbaeo58/0SlA9sxSqZhnUtxzX9/2FzyhS9sWQf5S0GJE0AKBrFqjpeYcg=="],

    "@parcel/watcher": ["@parcel/watcher@2.5.6", "", { "dependencies": { "detect-libc": "^2.0.3", "is-glob": "^4.0.3", "node-addon-api": "^7.0.0", "picomatch": "^4.0.3" }, "optionalDependencies": { "@parcel/watcher-android-arm64": "2.5.6", "@parcel/watcher-darwin-arm64": "2.5.6", "@parcel/watcher-darwin-x64": "2.5.6", "@parcel/watcher-freebsd-x64": "2.5.6", "@parcel/watcher-linux-arm-glibc": "2.5.6", "@parcel/watcher-linux-arm-musl": "2.5.6", "@parcel/watcher-linux-arm64-glibc": "2.5.6", "@parcel/watcher-linux-arm64-musl": "2.5.6", "@parcel/watcher-linux-x64-glibc": "2.5.6", "@parcel/watcher-linux-x64-musl": "2.5.6", "@parcel/watcher-win32-arm64": "2.5.6", "@parcel/watcher-win32-ia32": "2.5.6", "@parcel/watcher-win32-x64": "2.5.6" } }, "sha512-tmmZ3lQxAe/k/+rNnXQRawJ4NjxO2hqiOLTHvWchtGZULp4RyFeh6aU4XdOYBFe2KE1oShQTv4AblOs2iOrNnQ=="],

    "@parcel/watcher-android-arm64": ["@parcel/watcher-android-arm64@2.5.6", "", { "os": "android", "cpu": "arm64" }, "sha512-YQxSS34tPF/6ZG7r/Ih9xy+kP/WwediEUsqmtf0cuCV5TPPKw/PQHRhueUo6JdeFJaqV3pyjm0GdYjZotbRt/A=="],

    "@parcel/watcher-darwin-arm64": ["@parcel/watcher-darwin-arm64@2.5.6", "", { "os": "darwin", "cpu": "arm64" }, "sha512-Z2ZdrnwyXvvvdtRHLmM4knydIdU9adO3D4n/0cVipF3rRiwP+3/sfzpAwA/qKFL6i1ModaabkU7IbpeMBgiVEA=="],

    "@parcel/watcher-darwin-x64": ["@parcel/watcher-darwin-x64@2.5.6", "", { "os": "darwin", "cpu": "x64" }, "sha512-HgvOf3W9dhithcwOWX9uDZyn1lW9R+7tPZ4sug+NGrGIo4Rk1hAXLEbcH1TQSqxts0NYXXlOWqVpvS1SFS4fRg=="],

    "@parcel/watcher-freebsd-x64": ["@parcel/watcher-freebsd-x64@2.5.6", "", { "os": "freebsd", "cpu": "x64" }, "sha512-vJVi8yd/qzJxEKHkeemh7w3YAn6RJCtYlE4HPMoVnCpIXEzSrxErBW5SJBgKLbXU3WdIpkjBTeUNtyBVn8TRng=="],

    "@parcel/watcher-linux-arm-glibc": ["@parcel/watcher-linux-arm-glibc@2.5.6", "", { "os": "linux", "cpu": "arm" }, "sha512-9JiYfB6h6BgV50CCfasfLf/uvOcJskMSwcdH1PHH9rvS1IrNy8zad6IUVPVUfmXr+u+Km9IxcfMLzgdOudz9EQ=="],

    "@parcel/watcher-linux-arm-musl": ["@parcel/watcher-linux-arm-musl@2.5.6", "", { "os": "linux", "cpu": "arm" }, "sha512-Ve3gUCG57nuUUSyjBq/MAM0CzArtuIOxsBdQ+ftz6ho8n7s1i9E1Nmk/xmP323r2YL0SONs1EuwqBp2u1k5fxg=="],

    "@parcel/watcher-linux-arm64-glibc": ["@parcel/watcher-linux-arm64-glibc@2.5.6", "", { "os": "linux", "cpu": "arm64" }, "sha512-f2g/DT3NhGPdBmMWYoxixqYr3v/UXcmLOYy16Bx0TM20Tchduwr4EaCbmxh1321TABqPGDpS8D/ggOTaljijOA=="],

    "@parcel/watcher-linux-arm64-musl": ["@parcel/watcher-linux-arm64-musl@2.5.6", "", { "os": "linux", "cpu": "arm64" }, "sha512-qb6naMDGlbCwdhLj6hgoVKJl2odL34z2sqkC7Z6kzir8b5W65WYDpLB6R06KabvZdgoHI/zxke4b3zR0wAbDTA=="],

    "@parcel/watcher-linux-x64-glibc": ["@parcel/watcher-linux-x64-glibc@2.5.6", "", { "os": "linux", "cpu": "x64" }, "sha512-kbT5wvNQlx7NaGjzPFu8nVIW1rWqV780O7ZtkjuWaPUgpv2NMFpjYERVi0UYj1msZNyCzGlaCWEtzc+exjMGbQ=="],

    "@parcel/watcher-linux-x64-musl": ["@parcel/watcher-linux-x64-musl@2.5.6", "", { "os": "linux", "cpu": "x64" }, "sha512-1JRFeC+h7RdXwldHzTsmdtYR/Ku8SylLgTU/reMuqdVD7CtLwf0VR1FqeprZ0eHQkO0vqsbvFLXUmYm/uNKJBg=="],

    "@parcel/watcher-win32-arm64": ["@parcel/watcher-win32-arm64@2.5.6", "", { "os": "win32", "cpu": "arm64" }, "sha512-3ukyebjc6eGlw9yRt678DxVF7rjXatWiHvTXqphZLvo7aC5NdEgFufVwjFfY51ijYEWpXbqF5jtrK275z52D4Q=="],

    "@parcel/watcher-win32-ia32": ["@parcel/watcher-win32-ia32@2.5.6", "", { "os": "win32", "cpu": "ia32" }, "sha512-k35yLp1ZMwwee3Ez/pxBi5cf4AoBKYXj00CZ80jUz5h8prpiaQsiRPKQMxoLstNuqe2vR4RNPEAEcjEFzhEz/g=="],

    "@parcel/watcher-win32-x64": ["@parcel/watcher-win32-x64@2.5.6", "", { "os": "win32", "cpu": "x64" }, "sha512-hbQlYcCq5dlAX9Qx+kFb0FHue6vbjlf0FrNzSKdYK2APUf7tGfGxQCk2ihEREmbR6ZMc0MVAD5RIX/41gpUzTw=="],

    "@standard-schema/spec": ["@standard-schema/spec@1.1.0", "", {}, "sha512-l2aFy5jALhniG5HgqrD6jXLi/rUWrKvqN/qJx6yoJsgKhblVd+iqqU4RCXavm/jPityDo5TCvKMnpjKnOriy0w=="],

    "@types/bun": ["@types/bun@1.3.14", "", { "dependencies": { "bun-types": "1.3.14" } }, "sha512-h1hFqFVcvAvD9j9K7ZW7vd82aSA+rTdznZa+5bwvCwqSB1jmmfLcbIWhOLx1/+boy/xmjgCs/OMUL8hRJSmnPw=="],

    "@types/node": ["@types/node@25.2.1", "", { "dependencies": { "undici-types": "~7.16.0" } }, "sha512-CPrnr8voK8vC6eEtyRzvMpgp3VyVRhgclonE7qYi6P9sXwYb59ucfrnmFBTaP0yUi8Gk4yZg/LlTJULGxvTNsg=="],

    "@vercel/oidc": ["@vercel/oidc@3.1.0", "", {}, "sha512-Fw28YZpRnA3cAHHDlkt7xQHiJ0fcL+NRcIqsocZQUSmbzeIKRpwttJjik5ZGanXP+vlA4SbTg+AbA3bP363l+w=="],

    "ai": ["ai@6.0.77", "", { "dependencies": { "@ai-sdk/gateway": "3.0.39", "@ai-sdk/provider": "3.0.8", "@ai-sdk/provider-utils": "4.0.14", "@opentelemetry/api": "1.9.0" }, "peerDependencies": { "zod": "^3.25.76 || ^4.1.8" } }, "sha512-tyyhrRpCRFVlivdNIFLK8cexSBB2jwTqO0z1qJQagk+UxZ+MW8h5V8xsvvb+xdKDY482Y8KAm0mr7TDnPKvvlw=="],

    "bun-types": ["bun-types@1.3.14", "", { "dependencies": { "@types/node": "*" } }, "sha512-4N0ig0fEomHt5R0KCFWjovxow98rIoRwKolrYdCcknNwMekCXRnWEUvgu5soYV8QXtVsrUD8B95MBOZGPvr6KQ=="],

    "code-block-writer": ["code-block-writer@13.0.3", "", {}, "sha512-Oofo0pq3IKnsFtuHqSF7TqBfr71aeyZDVJ0HpmqB7FBM2qEigL0iPONSCZSO9pE9dZTAxANe5XHG9Uy0YMv8cg=="],

    "detect-libc": ["detect-libc@2.1.2", "", {}, "sha512-Btj2BOOO83o3WyH59e8MgXsxEQVcarkUOpEYrubB0urwnN10yQ364rsiByU11nZlqWYZm05i/of7io4mzihBtQ=="],

    "effect": ["effect@3.21.0", "", { "dependencies": { "@standard-schema/spec": "^1.0.0", "fast-check": "^3.23.1" } }, "sha512-PPN80qRokCd1f015IANNhrwOnLO7GrrMQfk4/lnZRE/8j7UPWrNNjPV0uBrZutI/nHzernbW+J0hdqQysHiSnQ=="],

    "eventsource-parser": ["eventsource-parser@3.0.6", "", {}, "sha512-Vo1ab+QXPzZ4tCa8SwIHJFaSzy4R6SHf7BY79rFBDf0idraZWAkYrDjDj8uWaSm3S2TK+hJ7/t1CEmZ7jXw+pg=="],

    "fast-check": ["fast-check@3.23.2", "", { "dependencies": { "pure-rand": "^6.1.0" } }, "sha512-h5+1OzzfCC3Ef7VbtKdcv7zsstUQwUDlYpUTvjeUsJAssPgLn7QzbboPtL5ro04Mq0rPOsMzl7q5hIbRs2wD1A=="],

    "find-my-way-ts": ["find-my-way-ts@0.1.6", "", {}, "sha512-a85L9ZoXtNAey3Y6Z+eBWW658kO/MwR7zIafkIUPUMf3isZG0NCs2pjW2wtjxAKuJPxMAsHUIP4ZPGv0o5gyTA=="],

    "ini": ["ini@4.1.3", "", {}, "sha512-X7rqawQBvfdjS10YU1y1YVreA3SsLrW9dX2CewP2EbBJM4ypVNLDkO5y04gejPwKIY9lR+7r9gn3rFPt/kmWFg=="],

    "is-extglob": ["is-extglob@2.1.1", "", {}, "sha512-SbKbANkN603Vi4jEZv49LeVJMn4yGwsbzZworEoyEiutsN3nJYdbO36zfhGJ6QEDpOZIFkDtnq5JRxmvl3jsoQ=="],

    "is-glob": ["is-glob@4.0.3", "", { "dependencies": { "is-extglob": "^2.1.1" } }, "sha512-xelSayHH36ZgE7ZWhli7pW34hNbNl8Ojv5KVmkJD4hBdD3th8Tfk9vYasLM+mXWOZhFkgZfxhLSnrwRr4elSSg=="],

    "json-schema": ["json-schema@0.4.0", "", {}, "sha512-es94M3nTIfsEPisRafak+HDLfHXnKBhV3vU5eqPcS3flIWqcxJWgXHXiey3YrpaNsanY5ei1VoYEbOzijuq9BA=="],

    "kubernetes-types": ["kubernetes-types@1.30.0", "", {}, "sha512-Dew1okvhM/SQcIa2rcgujNndZwU8VnSapDgdxlYoB84ZlpAD43U6KLAFqYo17ykSFGHNPrg0qry0bP+GJd9v7Q=="],

    "msgpackr": ["msgpackr@1.11.8", "", { "optionalDependencies": { "msgpackr-extract": "^3.0.2" } }, "sha512-bC4UGzHhVvgDNS7kn9tV8fAucIYUBuGojcaLiz7v+P63Lmtm0Xeji8B/8tYKddALXxJLpwIeBmUN3u64C4YkRA=="],

    "msgpackr-extract": ["msgpackr-extract@3.0.3", "", { "dependencies": { "node-gyp-build-optional-packages": "5.2.2" }, "optionalDependencies": { "@msgpackr-extract/msgpackr-extract-darwin-arm64": "3.0.3", "@msgpackr-extract/msgpackr-extract-darwin-x64": "3.0.3", "@msgpackr-extract/msgpackr-extract-linux-arm": "3.0.3", "@msgpackr-extract/msgpackr-extract-linux-arm64": "3.0.3", "@msgpackr-extract/msgpackr-extract-linux-x64": "3.0.3", "@msgpackr-extract/msgpackr-extract-win32-x64": "3.0.3" }, "bin": { "download-msgpackr-prebuilds": "bin/download-prebuilds.js" } }, "sha512-P0efT1C9jIdVRefqjzOQ9Xml57zpOXnIuS+csaB4MdZbTdmGDLo8XhzBG1N7aO11gKDDkJvBLULeFTo46wwreA=="],

    "multipasta": ["multipasta@0.2.7", "", {}, "sha512-KPA58d68KgGil15oDqXjkUBEBYc00XvbPj5/X+dyzeo/lWm9Nc25pQRlf1D+gv4OpK7NM0J1odrbu9JNNGvynA=="],

    "node-addon-api": ["node-addon-api@7.1.1", "", {}, "sha512-5m3bsyrjFWE1xf7nz7YXdN4udnVtXK6/Yfgn5qnahL6bCkf2yKt4k3nuTKAtT4r3IG8JNR2ncsIMdZuAzJjHQQ=="],

    "node-gyp-build-optional-packages": ["node-gyp-build-optional-packages@5.2.2", "", { "dependencies": { "detect-libc": "^2.0.1" }, "bin": { "node-gyp-build-optional-packages": "bin.js", "node-gyp-build-optional-packages-optional": "optional.js", "node-gyp-build-optional-packages-test": "build-test.js" } }, "sha512-s+w+rBWnpTMwSFbaE0UXsRlg7hU4FjekKU4eyAih5T8nJuNZT1nNsskXpxmeqSK9UzkBl6UgRlnKc8hz8IEqOw=="],

    "picomatch": ["picomatch@4.0.3", "", {}, "sha512-5gTmgEY/sqK6gFXLIsQNH19lWb4ebPDLA4SdLP7dsWkIXHWlG66oPuVvXSGFPppYZz8ZDZq0dYYrbHfBCVUb1Q=="],

    "pure-rand": ["pure-rand@6.1.0", "", {}, "sha512-bVWawvoZoBYpp6yIoQtQXHZjmz35RSVHnUOTefl8Vcjr8snTPY1wnpSPMWekcFwbxI6gtmT7rSYPFvz71ldiOA=="],

    "toml": ["toml@3.0.0", "", {}, "sha512-y/mWCZinnvxjTKYhJ+pYxwD0mRLVvOtdS2Awbgxln6iEnt4rk0yBxeSBHkGJcPucRiG0e55mwWp+g/05rsrd6w=="],

    "typescript": ["typescript@5.9.3", "", { "bin": { "tsc": "bin/tsc", "tsserver": "bin/tsserver" } }, "sha512-jl1vZzPDinLr9eUt3J/t7V6FgNEw9QjvBPdysz9KfQDD41fQrC2Y4vKQdiaUpFT4bXlb1RHhLpp8wtm6M5TgSw=="],

    "undici-types": ["undici-types@7.16.0", "", {}, "sha512-Zz+aZWSj8LE6zoxD+xrjh4VfkIG8Ya6LvYkZqtUQGJPZjYl53ypCaUwWqo7eI0x66KBGeRo+mlBEkMSeSZ38Nw=="],

    "uuid": ["uuid@11.1.0", "", { "bin": { "uuid": "dist/esm/bin/uuid" } }, "sha512-0/A9rDy9P7cJ+8w1c9WD9V//9Wj15Ce2MPz8Ri6032usz+NfePxx5AcN3bN+r6ZL6jEo066/yNYB3tn4pQEx+A=="],

    "ws": ["ws@8.19.0", "", { "peerDependencies": { "bufferutil": "^4.0.1", "utf-8-validate": ">=5.0.2" }, "optionalPeers": ["bufferutil", "utf-8-validate"] }, "sha512-blAT2mjOEIi0ZzruJfIhb3nps74PRWTCz1IjglWEEpQl5XS/UNama6u2/rjFkDDouqr4L67ry+1aGIALViWjDg=="],

    "yaml": ["yaml@2.9.0", "", { "bin": { "yaml": "bin.mjs" } }, "sha512-2AvhNX3mb8zd6Zy7INTtSpl1F15HW6Wnqj0srWlkKLcpYl/gMIMJiyuGq2KeI2YFxUPjdlB+3Lc10seMLtL4cA=="],

    "zod": ["zod@4.3.6", "", {}, "sha512-rftlrkhHZOcjDwkGlnUtZZkvaPHCsDATp4pGpuOOMDaTdDDXF91wuVDJoWoPsKX/3YPQ5fHuF3STjcYyKr+Qhg=="],

    "@ai-sdk/deepseek/@ai-sdk/provider": ["@ai-sdk/provider@3.0.10", "", { "dependencies": { "json-schema": "^0.4.0" } }, "sha512-Q3BZ27qfpYqnCYGvE3vt+Qi6LGOF9R5Nmzn+9JoM1lCRsD9mYaIhfJLkSunN48nfGXJ6n+XNV0J/XVpqGQl7Dw=="],

    "@ai-sdk/deepseek/@ai-sdk/provider-utils": ["@ai-sdk/provider-utils@4.0.27", "", { "dependencies": { "@ai-sdk/provider": "3.0.10", "@standard-schema/spec": "^1.1.0", "eventsource-parser": "^3.0.8" }, "peerDependencies": { "zod": "^3.25.76 || ^4.1.8" } }, "sha512-ubkAJ+xODouwtmN1tYlvTPphH1hPOBfZaEQe8U7skGvFAnIRs9PPpsq57bC2+Ky/MB4yzhd6YOsxTAx9sGpazw=="],

    "@effect/cli/@effect/platform": ["@effect/platform@0.96.1", "", { "dependencies": { "find-my-way-ts": "^0.1.6", "msgpackr": "^1.11.10", "multipasta": "^0.2.7" }, "peerDependencies": { "effect": "^3.21.2" } }, "sha512-cjB1QZZYEP8JXCFNGvBLVi0T6YUBQTmOVEUA3SDbiQ6RUO+p6CE3eyD2vMWmrz5nE8yY5QSAuOV9v0boEcUv+A=="],

    "@jdsl/provider/@effect/platform": ["@effect/platform@0.96.1", "", { "dependencies": { "find-my-way-ts": "^0.1.6", "msgpackr": "^1.11.10", "multipasta": "^0.2.7" }, "peerDependencies": { "effect": "^3.21.2" } }, "sha512-cjB1QZZYEP8JXCFNGvBLVi0T6YUBQTmOVEUA3SDbiQ6RUO+p6CE3eyD2vMWmrz5nE8yY5QSAuOV9v0boEcUv+A=="],

    "@ai-sdk/deepseek/@ai-sdk/provider-utils/eventsource-parser": ["eventsource-parser@3.1.0", "", {}, "sha512-kJezFj9YFAMLeORyi7aCLxLbD5/qWMQnoMVlVPyHIll7lgRJCc3JVln9Vgl9nwQi0YkMnhdGTMNn7CkRRAptMg=="],

    "@effect/cli/@effect/platform/msgpackr": ["msgpackr@1.11.12", "", { "optionalDependencies": { "msgpackr-extract": "^3.0.2" } }, "sha512-RBdJ1Un7yGlXWajrkxcSa93nvQ0w4zBf60c0yYv7YtBelP8H2FA7XsfBbMHtXKXUMUxH7zV3Zuozh+kUQWhHvg=="],

    "@jdsl/provider/@effect/platform/msgpackr": ["msgpackr@1.11.12", "", { "optionalDependencies": { "msgpackr-extract": "^3.0.2" } }, "sha512-RBdJ1Un7yGlXWajrkxcSa93nvQ0w4zBf60c0yYv7YtBelP8H2FA7XsfBbMHtXKXUMUxH7zV3Zuozh+kUQWhHvg=="],
  }
}
